
Microsoft Visual Studio Solution File, Format Version 12.00
# Visual Studio 15
VisualStudioVersion = 15.0.28010.2046
MinimumVisualStudioVersion = 10.0.40219.1
Project("{FAE04EC0-301F-11D3-BF4B-00C04F79EFBC}") = "Lab01", "Lab01\Lab01.csproj", "{424AF54B-ABDC-4B31-AC99-BA75B35B7B0B}"
EndProject
Global
	GlobalSection(SolutionConfigurationPlatforms) = preSolution
		Debug|Any CPU = Debug|Any CPU
		Release|Any CPU = Release|Any CPU
	EndGlobalSection
	GlobalSection(ProjectConfigurationPlatforms) = postSolution
		{424AF54B-ABDC-4B31-AC99-BA75B35B7B0B}.Debug|Any CPU.ActiveCfg = Debug|Any CPU
		{424AF54B-ABDC-4B31-AC99-BA75B35B7B0B}.Debug|Any CPU.Build.0 = Debug|Any CPU
		{424AF54B-ABDC-4B31-AC99-BA75B35B7B0B}.Release|Any CPU.ActiveCfg = Release|Any CPU
		{424AF54B-ABDC-4B31-AC99-BA75B35B7B0B}.Release|Any CPU.Build.0 = Release|Any CPU
	EndGlobalSection
	GlobalSection(SolutionProperties) = preSolution
		HideSolutionNode = FALSE
	EndGlobalSection
	GlobalSection(ExtensibilityGlobals) = postSolution
		SolutionGuid = {616CC93E-D91D-4FBA-BAD9-4A293EA5400F}
	EndGlobalSection
EndGlobal
